PODS:
  - Capacitor (5.0.0):
    - CapacitorCordova
  - CapacitorCordova (5.0.0)

DEPENDENCIES:
  - "Capacitor (from `../../node_modules/@capacitor/ios`)"
  - "CapacitorCordova (from `../../node_modules/@capacitor/ios`)"

EXTERNAL SOURCES:
  Capacitor:
    :path: "../../node_modules/@capacitor/ios"
  CapacitorCordova:
    :path: "../../node_modules/@capacitor/ios"

SPEC CHECKSUMS:
  Capacitor: ba8cd5cce13c6ab3c4faf7ef98487be481c9c1c8
  CapacitorCordova: 4ea17670ee562680988a7ce9db68dee5160fe564

PODFILE CHECKSUM: eda680a4f8844300148bdb16598e84fa116d19aa

COCOAPODS: 1.16.2
